// !$*UTF8*$!
{
	archiveVersion = 1;
	classes = {
	};
	objectVersion = 50;
	objects = {

/* Begin PBXBuildFile section */
		B09EF74123FBBCED00753C36 /* AppDelegate.swift in Sources */ = {isa = PBXBuildFile; fileRef = B09EF74023FBBCED00753C36 /* AppDelegate.swift */; };
		B09EF74323FBBCED00753C36 /* SceneDelegate.swift in Sources */ = {isa = PBXBuildFile; fileRef = B09EF74223FBBCED00753C36 /* SceneDelegate.swift */; };
		B09EF74523FBBCED00753C36 /* ViewController.swift in Sources */ = {isa = PBXBuildFile; fileRef = B09EF74423FBBCED00753C36 /* ViewController.swift */; };
		B09EF74823FBBCED00753C36 /* Main.storyboard in Resources */ = {isa = PBXBuildFile; fileRef = B09EF74623FBBCED00753C36 /* Main.storyboard */; };
		B09EF74A23FBBCF100753C36 /* Assets.xcassets in Resources */ = {isa = PBXBuildFile; fileRef = B09EF74923FBBCF100753C36 /* Assets.xcassets */; };
		B09EF74D23FBBCF100753C36 /* LaunchScreen.storyboard in Resources */ = {isa = PBXBuildFile; fileRef = B09EF74B23FBBCF100753C36 /* LaunchScreen.storyboard */; };
/* End PBXBuildFile section */

/* Begin PBXFileReference section */
		B09EF73D23FBBCEC00753C36 /* ObjectWithCode.app */ = {isa = PBXFileReference; explicitFileType = wrapper.application; includeInIndex = 0; path = ObjectWithCode.app; sourceTree = BUILT_PRODUCTS_DIR; };
		B09EF74023FBBCED00753C36 /* AppDelegate.swift */ = {isa = PBXFileReference; lastKnownFileType = sourcecode.swift; path = AppDelegate.swift; sourceTree = "<group>"; };
		B09EF74223FBBCED00753C36 /* SceneDelegate.swift */ = {isa = PBXFileReference; lastKnownFileType = sourcecode.swift; path = SceneDelegate.swift; sourceTree = "<group>"; };
		B09EF74423FBBCED00753C36 /* ViewController.swift */ = {isa = PBXFileReference; lastKnownFileType = sourcecode.swift; path = ViewController.swift; sourceTree = "<group>"; };
		B09EF74723FBBCED00753C36 /* Base */ = {isa = PBXFileReference; lastKnownFileType = file.storyboard; name = Base; path = Base.lproj/Main.storyboard; sourceTree = "<group>"; };
		B09EF74923FBBCF100753C36 /* Assets.xcassets */ = {isa = PBXFileReference; lastKnownFileType = folder.assetcatalog; path = Assets.xcassets; sourceTree = "<group>"; };
		B09EF74C23FBBCF100753C36 /* Base */ = {isa = PBXFileReference; lastKnownFileType = file.storyboard; name = Base; path = Base.lproj/LaunchScreen.storyboard; sourceTree = "<group>"; };
		B09EF74E23FBBCF100753C36 /* Info.plist */ = {isa = PBXFileReference; lastKnownFileType = text.plist.xml; path = Info.plist; sourceTree = "<group>"; };
/* End PBXFileReference section */

/* Begin PBXFrameworksBuildPhase section */
		B09EF73A23FBBCEC00753C36 /* Frameworks */ = {
			isa = PBXFrameworksBuildPhase;
			buildActionMask = 2147483647;
			files = (
			);
			runOnlyForDeploymentPostprocessing = 0;
		};
/* End PBXFrameworksBuildPhase section */

/* Begin PBXGroup section */
		B09EF73423FBBCEC00753C36 = {
			isa = PBXGroup;
			children = (
				B09EF73F23FBBCEC00753C36 /* ObjectWithCode */,
				B09EF73E23FBBCEC00753C36 /* Products */,
			);
			sourceTree = "<group>";
		};
		B09EF73E23FBBCEC00753C36 /* Products */ = {
			isa = PBXGroup;
			children = (
				B09EF73D23FBBCEC00753C36 /* ObjectWithCode.app */,
			);
			name = Products;
			sourceTree = "<group>";
		};
		B09EF73F23FBBCEC00753C36 /* ObjectWithCode */ = {
			isa = PBXGroup;
			children = (
				B09EF74023FBBCED00753C36 /* AppDelegate.swift */,
				B09EF74223FBBCED00753C36 /* SceneDelegate.swift */,
				B09EF74423FBBCED00753C36 /* ViewController.swift */,
				B09EF74623FBBCED00753C36 /* Main.storyboard */,
				B09EF74923FBBCF100753C36 /* Assets.xcassets */,
				B09EF74B23FBBCF100753C36 /* LaunchScreen.storyboard */,
				B09EF74E23FBBCF100753C36 /* Info.plist */,
			);
			path = ObjectWithCode;
			sourceTree = "<group>";
		};
/* End PBXGroup section */

/* Begin PBXNativeTarget section */
		B09EF73C23FBBCEC00753C36 /* ObjectWithCode */ = {
			isa = PBXNativeTarget;
			buildConfigurationList = B09EF75123FBBCF100753C36 /* Build configuration list for PBXNativeTarget "ObjectWithCode" */;
			buildPhases = (
				B09EF73923FBBCEC00753C36 /* Sources */,
				B09EF73A23FBBCEC00753C36 /* Frameworks */,
				B09EF73B23FBBCEC00753C36 /* Resources */,
			);
			buildRules = (
			);
			dependencies = (
			);
			name = ObjectWithCode;
			productName = ObjectWithCode;
			productReference = B09EF73D23FBBCEC00753C36 /* ObjectWithCode.app */;
			productType = "com.apple.product-type.application";
		};
/* End PBXNativeTarget section */

/* Begin PBXProject section */
		B09EF73523FBBCEC00753C36 /* Project object */ = {
			isa = PBXProject;
			attributes = {
				LastSwiftUpdateCheck = 1140;
				LastUpgradeCheck = 1140;
				ORGANIZATIONNAME = "Hulya Aydogmus";
				TargetAttributes = {
					B09EF73C23FBBCEC00753C36 = {
						CreatedOnToolsVersion = 11.4;
					};
				};
			};
			buildConfigurationList = B09EF73823FBBCEC00753C36 /* Build configuration list for PBXProject "ObjectWithCode" */;
			compatibilityVersion = "Xcode 9.3";
			developmentRegion = en;
			hasScannedForEncodings = 0;
			knownRegions = (
				en,
				Base,
			);
			mainGroup = B09EF73423FBBCEC00753C36;
			productRefGroup = B09EF73E23FBBCEC00753C36 /* Products */;
			projectDirPath = "";
			projectRoot = "";
			targets = (
				B09EF73C23FBBCEC00753C36 /* ObjectWithCode */,
			);
		};
/* End PBXProject section */

/* Begin PBXResourcesBuildPhase section */
		B09EF73B23FBBCEC00753C36 /* Resources */ = {
			isa = PBXResourcesBuildPhase;
			buildActionMask = 2147483647;
			files = (
				B09EF74D23FBBCF100753C36 /* LaunchScreen.storyboard in Resources */,
				B09EF74A23FBBCF100753C36 /* Assets.xcassets in Resources */,
				B09EF74823FBBCED00753C36 /* Main.storyboard in Resources */,
			);
			runOnlyForDeploymentPostprocessing = 0;
		};
/* End PBXResourcesBuildPhase section */

/* Begin PBXSourcesBuildPhase section */
		B09EF73923FBBCEC00753C36 /* Sources */ = {
			isa = PBXSourcesBuildPhase;
			buildActionMask = 2147483647;
			files = (
				B09EF74523FBBCED00753C36 /* ViewController.swift in Sources */,
				B09EF74123FBBCED00753C36 /* AppDelegate.swift in Sources */,
				B09EF74323FBBCED00753C36 /* SceneDelegate.swift in Sources */,
			);
			runOnlyForDeploymentPostprocessing = 0;
		};
/* End PBXSourcesBuildPhase section */

/* Begin PBXVariantGroup section */
		B09EF74623FBBCED00753C36 /* Main.storyboard */ = {
			isa = PBXVariantGroup;
			children = (
				B09EF74723FBBCED00753C36 /* Base */,
			);
			name = Main.storyboard;
			sourceTree = "<group>";
		};
		B09EF74B23FBBCF100753C36 /* LaunchScreen.storyboard */ = {
			isa = PBXVariantGroup;
			children = (
				B09EF74C23FBBCF100753C36 /* Base */,
			);
			name = LaunchScreen.storyboard;
			sourceTree = "<group>";
		};
/* End PBXVariantGroup section */

/* Begin XCBuildConfiguration section */
		B09EF74F23FBBCF100753C36 /* Debug */ = {
			isa = XCBuildConfiguration;
			buildSettings = {
				ALWAYS_SEARCH_USER_PATHS = NO;
				CLANG_ANALYZER_NONNULL = YES;
				CLANG_ANALYZER_NUMBER_OBJECT_CONVERSION = YES_AGGRESSIVE;
				CLANG_CXX_LANGUAGE_STANDARD = "gnu++14";
				CLANG_CXX_LIBRARY = "libc++";
				CLANG_ENABLE_MODULES = YES;
				CLANG_ENABLE_OBJC_ARC = YES;
				CLANG_ENABLE_OBJC_WEAK = YES;
				CLANG_WARN_BLOCK_CAPTURE_AUTORELEASING = YES;
				CLANG_WARN_BOOL_CONVERSION = YES;
				CLANG_WARN_COMMA = YES;
				CLANG_WARN_CONSTANT_CONVERSION = YES;
				CLANG_WARN_DEPRECATED_OBJC_IMPLEMENTATIONS = YES;
				CLANG_WARN_DIRECT_OBJC_ISA_USAGE = YES_ERROR;
				CLANG_WARN_DOCUMENTATION_COMMENTS = YES;
				CLANG_WARN_EMPTY_BODY = YES;
				CLANG_WARN_ENUM_CONVERSION = YES;
				CLANG_WARN_INFINITE_RECURSION = YES;
				CLANG_WARN_INT_CONVERSION = YES;
				CLANG_WARN_NON_LITERAL_NULL_CONVERSION = YES;
				CLANG_WARN_OBJC_IMPLICIT_RETAIN_SELF = YES;
				CLANG_WARN_OBJC_LITERAL_CONVERSION = YES;
				CLANG_WARN_OBJC_ROOT_CLASS = YES_ERROR;
				CLANG_WARN_RANGE_LOOP_ANALYSIS = YES;
				CLANG_WARN_STRICT_PROTOTYPES = YES;
				CLANG_WARN_SUSPICIOUS_MOVE = YES;
				CLANG_WARN_UNGUARDED_AVAILABILITY = YES_AGGRESSIVE;
				CLANG_WARN_UNREACHABLE_CODE = YES;
				CLANG_WARN__DUPLICATE_METHOD_MATCH = YES;
				COPY_PHASE_STRIP = NO;
				DEBUG_INFORMATION_FORMAT = dwarf;
				ENABLE_STRICT_OBJC_MSGSEND = YES;
				ENABLE_TESTABILITY = YES;
				GCC_C_LANGUAGE_STANDARD = gnu11;
				GCC_DYNAMIC_NO_PIC = NO;
				GCC_NO_COMMON_BLOCKS = YES;
				GCC_OPTIMIZATION_LEVEL = 0;
				GCC_PREPROCESSOR_DEFINITIONS = (
					"DEBUG=1",
					"$(inherited)",
				);
				GCC_WARN_64_TO_32_BIT_CONVERSION = YES;
				GCC_WARN_ABOUT_RETURN_TYPE = YES_ERROR;
				GCC_WARN_UNDECLARED_SELECTOR = YES;
				GCC_WARN_UNINITIALIZED_AUTOS = YES_AGGRESSIVE;
				GCC_WARN_UNUSED_FUNCTION = YES;
				GCC_WARN_UNUSED_VARIABLE = YES;
				IPHONEOS_DEPLOYMENT_TARGET = 13.4;
				MTL_ENABLE_DEBUG_INFO = INCLUDE_SOURCE;
				MTL_FAST_MATH = YES;
				ONLY_ACTIVE_ARCH = YES;
				SDKROOT = iphoneos;
				SWIFT_ACTIVE_COMPILATION_CONDITIONS = DEBUG;
				SWIFT_OPTIMIZATION_LEVEL = "-Onone";
			};
			name = Debug;
		};
		B09EF75023FBBCF100753C36 /* Release */ = {
			isa = XCBuildConfiguration;
			buildSettings = {
				ALWAYS_SEARCH_USER_PATHS = NO;
				CLANG_ANALYZER_NONNULL = YES;
				CLANG_ANALYZER_NUMBER_OBJECT_CONVERSION = YES_AGGRESSIVE;
				CLANG_CXX_LANGUAGE_STANDARD = "gnu++14";
				CLANG_CXX_LIBRARY = "libc++";
				CLANG_ENABLE_MODULES = YES;
				CLANG_ENABLE_OBJC_ARC = YES;
				CLANG_ENABLE_OBJC_WEAK = YES;
				CLANG_WARN_BLOCK_CAPTURE_AUTORELEASING = YES;
				CLANG_WARN_BOOL_CONVERSION = YES;
				CLANG_WARN_COMMA = YES;
				CLANG_WARN_CONSTANT_CONVERSION = YES;
				CLANG_WARN_DEPRECATED_OBJC_IMPLEMENTATIONS = YES;
				CLANG_WARN_DIRECT_OBJC_ISA_USAGE = YES_ERROR;
				CLANG_WARN_DOCUMENTATION_COMMENTS = YES;
				CLANG_WARN_EMPTY_BODY = YES;
				CLANG_WARN_ENUM_CONVERSION = YES;
				CLANG_WARN_INFINITE_RECURSION = YES;
				CLANG_WARN_INT_CONVERSION = YES;
				CLANG_WARN_NON_LITERAL_NULL_CONVERSION = YES;
				CLANG_WARN_OBJC_IMPLICIT_RETAIN_SELF = YES;
				CLANG_WARN_OBJC_LITERAL_CONVERSION = YES;
				CLANG_WARN_OBJC_ROOT_CLASS = YES_ERROR;
				CLANG_WARN_RANGE_LOOP_ANALYSIS = YES;
				CLANG_WARN_STRICT_PROTOTYPES = YES;
				CLANG_WARN_SUSPICIOUS_MOVE = YES;
				CLANG_WARN_UNGUARDED_AVAILABILITY = YES_AGGRESSIVE;
				CLANG_WARN_UNREACHABLE_CODE = YES;
				CLANG_WARN__DUPLICATE_METHOD_MATCH = YES;
				COPY_PHASE_STRIP = NO;
				DEBUG_INFORMATION_FORMAT = "dwarf-with-dsym";
				ENABLE_NS_ASSERTIONS = NO;
				ENABLE_STRICT_OBJC_MSGSEND = YES;
				GCC_C_LANGUAGE_STANDARD = gnu11;
				GCC_NO_COMMON_BLOCKS = YES;
				GCC_WARN_64_TO_32_BIT_CONVERSION = YES;
				GCC_WARN_ABOUT_RETURN_TYPE = YES_ERROR;
				GCC_WARN_UNDECLARED_SELECTOR = YES;
				GCC_WARN_UNINITIALIZED_AUTOS = YES_AGGRESSIVE;
				GCC_WARN_UNUSED_FUNCTION = YES;
				GCC_WARN_UNUSED_VARIABLE = YES;
				IPHONEOS_DEPLOYMENT_TARGET = 13.4;
				MTL_ENABLE_DEBUG_INFO = NO;
				MTL_FAST_MATH = YES;
				SDKROOT = iphoneos;
				SWIFT_COMPILATION_MODE = wholemodule;
				SWIFT_OPTIMIZATION_LEVEL = "-O";
				VALIDATE_PRODUCT = YES;
			};
			name = Release;
		};
		B09EF75223FBBCF100753C36 /* Debug */ = {
			isa = XCBuildConfiguration;
			buildSettings = {
				ASSETCATALOG_COMPILER_APPICON_NAME = AppIcon;
				CODE_SIGN_STYLE = Automatic;
				INFOPLIST_FILE = ObjectWithCode/Info.plist;
				LD_RUNPATH_SEARCH_PATHS = (
					"$(inherited)",
					"@executable_path/Frameworks",
				);
				PRODUCT_BUNDLE_IDENTIFIER = com.hulyaaydogmus.ObjectWithCode;
				PRODUCT_NAME = "$(TARGET_NAME)";
				SWIFT_VERSION = 5.0;
				TARGETED_DEVICE_FAMILY = "1,2";
			};
			name = Debug;
		};
		B09EF75323FBBCF100753C36 /* Release */ = {
			isa = XCBuildConfiguration;
			buildSettings = {
				ASSETCATALOG_COMPILER_APPICON_NAME = AppIcon;
				CODE_SIGN_STYLE = Automatic;
				INFOPLIST_FILE = ObjectWithCode/Info.plist;
				LD_RUNPATH_SEARCH_PATHS = (
					"$(inherited)",
					"@executable_path/Frameworks",
				);
				PRODUCT_BUNDLE_IDENTIFIER = com.hulyaaydogmus.ObjectWithCode;
				PRODUCT_NAME = "$(TARGET_NAME)";
				SWIFT_VERSION = 5.0;
				TARGETED_DEVICE_FAMILY = "1,2";
			};
			name = Release;
		};
/* End XCBuildConfiguration section */

/* Begin XCConfigurationList section */
		B09EF73823FBBCEC00753C36 /* Build configuration list for PBXProject "ObjectWithCode" */ = {
			isa = XCConfigurationList;
			buildConfigurations = (
				B09EF74F23FBBCF100753C36 /* Debug */,
				B09EF75023FBBCF100753C36 /* Release */,
			);
			defaultConfigurationIsVisible = 0;
			defaultConfigurationName = Release;
		};
		B09EF75123FBBCF100753C36 /* Build configuration list for PBXNativeTarget "ObjectWithCode" */ = {
			isa = XCConfigurationList;
			buildConfigurations = (
				B09EF75223FBBCF100753C36 /* Debug */,
				B09EF75323FBBCF100753C36 /* Release */,
			);
			defaultConfigurationIsVisible = 0;
			defaultConfigurationName = Release;
		};
/* End XCConfigurationList section */
	};
	rootObject = B09EF73523FBBCEC00753C36 /* Project object */;
}
